Microsoft Visual Studio Solution File, Format Version 12.00
# Visual Studio Version 17
VisualStudioVersion = 17.4.32826.126
MinimumVisualStudioVersion = 10.0.40219.1
Project("{FAE04EC0-301F-11D3-BF4B-00C04F79EFBC}") = "DemoProductsWebAPI.API", "DemoProductsWebAPI.API\DemoProductsWebAPI.API.csproj", "{11111111-1111-1111-1111-111111111111}"
EndProject
Project("{FAE04EC0-301F-11D3-BF4B-00C04F79EFBC}") = "DemoProductsWebAPI.Application", "DemoProductsWebAPI.Application\DemoProductsWebAPI.Application.csproj", "{22222222-2222-2222-2222-222222222222}"
EndProject
Project("{FAE04EC0-301F-11D3-BF4B-00C04F79EFBC}") = "DemoProductsWebAPI.Domain", "DemoProductsWebAPI.Domain\DemoProductsWebAPI.Domain.csproj", "{33333333-3333-3333-3333-333333333333}"
EndProject
Project("{FAE04EC0-301F-11D3-BF4B-00C04F79EFBC}") = "DemoProductsWebAPI.Infrastructure", "DemoProductsWebAPI.Infrastructure\DemoProductsWebAPI.Infrastructure.csproj", "{44444444-4444-4444-4444-444444444444}"
EndProject
Project("{2150E333-8FDC-42A3-9474-1A3956D46DE8}") = "00 Core", "00 Core", "{9F6863C5-CAF1-4491-9EDD-91EC979C54A3}"
EndProject
Project("{2150E333-8FDC-42A3-9474-1A3956D46DE8}") = "01 Common", "01 Common", "{BE18946A-ABF9-4CBA-BE64-9B42A1C2C939}"
EndProject
Project("{2150E333-8FDC-42A3-9474-1A3956D46DE8}") = "02 Domain", "02 Domain", "{E9FBFEC1-534A-4EAC-A2D6-FDEFAC86503A}"
EndProject
Project("{2150E333-8FDC-42A3-9474-1A3956D46DE8}") = "03 Infrastructure", "03 Infrastructure", "{496719DD-A156-4559-8D50-FE24E258B23E}"
EndProject
Project("{2150E333-8FDC-42A3-9474-1A3956D46DE8}") = "04 Application", "04 Application", "{7BFE15B3-E27A-446F-8F61-64D870C88431}"
EndProject
Project("{2150E333-8FDC-42A3-9474-1A3956D46DE8}") = "05 WebAPI", "05 WebAPI", "{437770A3-A91E-40C9-874F-60C9FE911014}"
EndProject
Project("{2150E333-8FDC-42A3-9474-1A3956D46DE8}") = "06 Tests", "06 Tests", "{B0E97CF0-EB01-498B-94FD-D1BA95B4E429}"
EndProject
Project("{FAE04EC0-301F-11D3-BF4B-00C04F79EFBC}") = "DemoWebAPI.Core", "DemoWebAPI.Core\DemoWebAPI.Core.csproj", "{4537699E-878F-4126-AEE7-97D2118632F2}"
EndProject
Project("{FAE04EC0-301F-11D3-BF4B-00C04F79EFBC}") = "DemoProductsWebAPI.Common", "DemoProductsWebAPI.Common\DemoProductsWebAPI.Common.csproj", "{4F13B943-FC1F-49F3-9DC7-74993FC32BC5}"
EndProject
Project("{FAE04EC0-301F-11D3-BF4B-00C04F79EFBC}") = "DemoProductsWebAPI.Tests", "DemoProductsWebAPI.Tests\DemoProductsWebAPI.Tests.csproj", "{D0758BE4-84FC-4425-AE20-557A37E95177}"
EndProject
Global
	GlobalSection(SolutionConfigurationPlatforms) = preSolution
		Debug|Any CPU = Debug|Any CPU
		Release|Any CPU = Release|Any CPU
	EndGlobalSection
	GlobalSection(ProjectConfigurationPlatforms) = postSolution
		{11111111-1111-1111-1111-111111111111}.Debug|Any CPU.ActiveCfg = Debug|Any CPU
		{11111111-1111-1111-1111-111111111111}.Debug|Any CPU.Build.0 = Debug|Any CPU
		{11111111-1111-1111-1111-111111111111}.Release|Any CPU.ActiveCfg = Release|Any CPU
		{11111111-1111-1111-1111-111111111111}.Release|Any CPU.Build.0 = Release|Any CPU
		{22222222-2222-2222-2222-222222222222}.Debug|Any CPU.ActiveCfg = Debug|Any CPU
		{22222222-2222-2222-2222-222222222222}.Debug|Any CPU.Build.0 = Debug|Any CPU
		{22222222-2222-2222-2222-222222222222}.Release|Any CPU.ActiveCfg = Release|Any CPU
		{22222222-2222-2222-2222-222222222222}.Release|Any CPU.Build.0 = Release|Any CPU
		{33333333-3333-3333-3333-333333333333}.Debug|Any CPU.ActiveCfg = Debug|Any CPU
		{33333333-3333-3333-3333-333333333333}.Debug|Any CPU.Build.0 = Debug|Any CPU
		{33333333-3333-3333-3333-333333333333}.Release|Any CPU.ActiveCfg = Release|Any CPU
		{33333333-3333-3333-3333-333333333333}.Release|Any CPU.Build.0 = Release|Any CPU
		{44444444-4444-4444-4444-444444444444}.Debug|Any CPU.ActiveCfg = Debug|Any CPU
		{44444444-4444-4444-4444-444444444444}.Debug|Any CPU.Build.0 = Debug|Any CPU
		{44444444-4444-4444-4444-444444444444}.Release|Any CPU.ActiveCfg = Release|Any CPU
		{44444444-4444-4444-4444-444444444444}.Release|Any CPU.Build.0 = Release|Any CPU
		{4537699E-878F-4126-AEE7-97D2118632F2}.Debug|Any CPU.ActiveCfg = Debug|Any CPU
		{4537699E-878F-4126-AEE7-97D2118632F2}.Debug|Any CPU.Build.0 = Debug|Any CPU
		{4537699E-878F-4126-AEE7-97D2118632F2}.Release|Any CPU.ActiveCfg = Release|Any CPU
		{4537699E-878F-4126-AEE7-97D2118632F2}.Release|Any CPU.Build.0 = Release|Any CPU
		{4F13B943-FC1F-49F3-9DC7-74993FC32BC5}.Debug|Any CPU.ActiveCfg = Debug|Any CPU
		{4F13B943-FC1F-49F3-9DC7-74993FC32BC5}.Debug|Any CPU.Build.0 = Debug|Any CPU
		{4F13B943-FC1F-49F3-9DC7-74993FC32BC5}.Release|Any CPU.ActiveCfg = Release|Any CPU
		{4F13B943-FC1F-49F3-9DC7-74993FC32BC5}.Release|Any CPU.Build.0 = Release|Any CPU
		{D0758BE4-84FC-4425-AE20-557A37E95177}.Debug|Any CPU.ActiveCfg = Debug|Any CPU
		{D0758BE4-84FC-4425-AE20-557A37E95177}.Debug|Any CPU.Build.0 = Debug|Any CPU
		{D0758BE4-84FC-4425-AE20-557A37E95177}.Release|Any CPU.ActiveCfg = Release|Any CPU
		{D0758BE4-84FC-4425-AE20-557A37E95177}.Release|Any CPU.Build.0 = Release|Any CPU
	EndGlobalSection
	GlobalSection(SolutionProperties) = preSolution
		HideSolutionNode = FALSE
	EndGlobalSection
	GlobalSection(NestedProjects) = preSolution
		{11111111-1111-1111-1111-111111111111} = {437770A3-A91E-40C9-874F-60C9FE911014}
		{22222222-2222-2222-2222-222222222222} = {7BFE15B3-E27A-446F-8F61-64D870C88431}
		{33333333-3333-3333-3333-333333333333} = {E9FBFEC1-534A-4EAC-A2D6-FDEFAC86503A}
		{44444444-4444-4444-4444-444444444444} = {496719DD-A156-4559-8D50-FE24E258B23E}
		{4537699E-878F-4126-AEE7-97D2118632F2} = {9F6863C5-CAF1-4491-9EDD-91EC979C54A3}
		{4F13B943-FC1F-49F3-9DC7-74993FC32BC5} = {BE18946A-ABF9-4CBA-BE64-9B42A1C2C939}
		{D0758BE4-84FC-4425-AE20-557A37E95177} = {B0E97CF0-EB01-498B-94FD-D1BA95B4E429}
	EndGlobalSection
EndGlobal
